
Microsoft Visual Studio Solution File, Format Version 12.00
# Visual Studio Version 16
VisualStudioVersion = 16.0.33027.164
MinimumVisualStudioVersion = 10.0.40219.1
Project("{FAE04EC0-301F-11D3-BF4B-00C04F79EFBC}") = "Atividade0710", "Atividade0710\Atividade0710.csproj", "{F55422F9-EBC3-4EC7-A89E-B6CF22FE99EC}"
EndProject
Global
	GlobalSection(SolutionConfigurationPlatforms) = preSolution
		Debug|Any CPU = Debug|Any CPU
		Release|Any CPU = Release|Any CPU
	EndGlobalSection
	GlobalSection(ProjectConfigurationPlatforms) = postSolution
		{F55422F9-EBC3-4EC7-A89E-B6CF22FE99EC}.Debug|Any CPU.ActiveCfg = Debug|Any CPU
		{F55422F9-EBC3-4EC7-A89E-B6CF22FE99EC}.Debug|Any CPU.Build.0 = Debug|Any CPU
		{F55422F9-EBC3-4EC7-A89E-B6CF22FE99EC}.Release|Any CPU.ActiveCfg = Release|Any CPU
		{F55422F9-EBC3-4EC7-A89E-B6CF22FE99EC}.Release|Any CPU.Build.0 = Release|Any CPU
	EndGlobalSection
	GlobalSection(SolutionProperties) = preSolution
		HideSolutionNode = FALSE
	EndGlobalSection
	GlobalSection(ExtensibilityGlobals) = postSolution
		SolutionGuid = {699D1E5A-2843-4299-9DA4-B49019234896}
	EndGlobalSection
EndGlobal
